# THIS IS AN AUTOGENERATED FILE. DO NOT EDIT THIS FILE DIRECTLY.
# yarn lockfile v1


"@cspotcode/source-map-support@^0.8.0":
  version "0.8.1"
  resolved "https://registry.npmjs.org/@cspotcode/source-map-support/-/source-map-support-0.8.1.tgz"
  integrity sha512-IchNf6dN4tHoMFIn/7OE8LWZ19Y6q/67Bmf6vnGREv8RSbBVb9LPJxEcnwrcwX6ixSvaiGoomAUvu4YSxXrVgw==
  dependencies:
    "@jridgewell/trace-mapping" "0.3.9"

"@esbuild-kit/cjs-loader@^2.4.2":
  version "2.4.2"
  resolved "https://registry.npmjs.org/@esbuild-kit/cjs-loader/-/cjs-loader-2.4.2.tgz"
  integrity sha512-BDXFbYOJzT/NBEtp71cvsrGPwGAMGRB/349rwKuoxNSiKjPraNNnlK6MIIabViCjqZugu6j+xeMDlEkWdHHJSg==
  dependencies:
    "@esbuild-kit/core-utils" "^3.0.0"
    get-tsconfig "^4.4.0"

"@esbuild-kit/core-utils@^3.0.0":
  version "3.1.0"
  resolved "https://registry.npmjs.org/@esbuild-kit/core-utils/-/core-utils-3.1.0.tgz"
  integrity sha512-Uuk8RpCg/7fdHSceR1M6XbSZFSuMrxcePFuGgyvsBn+u339dk5OeL4jv2EojwTN2st/unJGsVm4qHWjWNmJ/tw==
  dependencies:
    esbuild "~0.17.6"
    source-map-support "^0.5.21"

"@esbuild-kit/esm-loader@^2.5.5":
  version "2.5.5"
  resolved "https://registry.npmjs.org/@esbuild-kit/esm-loader/-/esm-loader-2.5.5.tgz"
  integrity sha512-Qwfvj/qoPbClxCRNuac1Du01r9gvNOT+pMYtJDapfB1eoGN1YlJ1BixLyL9WVENRx5RXgNLdfYdx/CuswlGhMw==
  dependencies:
    "@esbuild-kit/core-utils" "^3.0.0"
    get-tsconfig "^4.4.0"

"@esbuild/android-arm64@0.17.18":
  version "0.17.18"
  resolved "https://registry.yarnpkg.com/@esbuild/android-arm64/-/android-arm64-0.17.18.tgz#4aa8d8afcffb4458736ca9b32baa97d7cb5861ea"
  integrity sha512-/iq0aK0eeHgSC3z55ucMAHO05OIqmQehiGay8eP5l/5l+iEr4EIbh4/MI8xD9qRFjqzgkc0JkX0LculNC9mXBw==

"@esbuild/android-arm@0.17.18":
  version "0.17.18"
  resolved "https://registry.yarnpkg.com/@esbuild/android-arm/-/android-arm-0.17.18.tgz#74a7e95af4ee212ebc9db9baa87c06a594f2a427"
  integrity sha512-EmwL+vUBZJ7mhFCs5lA4ZimpUH3WMAoqvOIYhVQwdIgSpHC8ImHdsRyhHAVxpDYUSm0lWvd63z0XH1IlImS2Qw==

"@esbuild/android-x64@0.17.18":
  version "0.17.18"
  resolved "https://registry.yarnpkg.com/@esbuild/android-x64/-/android-x64-0.17.18.tgz#1dcd13f201997c9fe0b204189d3a0da4eb4eb9b6"
  integrity sha512-x+0efYNBF3NPW2Xc5bFOSFW7tTXdAcpfEg2nXmxegm4mJuVeS+i109m/7HMiOQ6M12aVGGFlqJX3RhNdYM2lWg==

"@esbuild/darwin-arm64@0.17.18":
  version "0.17.18"
  resolved "https://registry.npmjs.org/@esbuild/darwin-arm64/-/darwin-arm64-0.17.18.tgz"
  integrity sha512-6tY+djEAdF48M1ONWnQb1C+6LiXrKjmqjzPNPWXhu/GzOHTHX2nh8Mo2ZAmBFg0kIodHhciEgUBtcYCAIjGbjQ==

"@esbuild/darwin-x64@0.17.18":
  version "0.17.18"
  resolved "https://registry.yarnpkg.com/@esbuild/darwin-x64/-/darwin-x64-0.17.18.tgz#a6da308d0ac8a498c54d62e0b2bfb7119b22d315"
  integrity sha512-Qq84ykvLvya3dO49wVC9FFCNUfSrQJLbxhoQk/TE1r6MjHo3sFF2tlJCwMjhkBVq3/ahUisj7+EpRSz0/+8+9A==

"@esbuild/freebsd-arm64@0.17.18":
  version "0.17.18"
  resolved "https://registry.yarnpkg.com/@esbuild/freebsd-arm64/-/freebsd-arm64-0.17.18.tgz#b83122bb468889399d0d63475d5aea8d6829c2c2"
  integrity sha512-fw/ZfxfAzuHfaQeMDhbzxp9mc+mHn1Y94VDHFHjGvt2Uxl10mT4CDavHm+/L9KG441t1QdABqkVYwakMUeyLRA==

"@esbuild/freebsd-x64@0.17.18":
  version "0.17.18"
  resolved "https://registry.yarnpkg.com/@esbuild/freebsd-x64/-/freebsd-x64-0.17.18.tgz#af59e0e03fcf7f221b34d4c5ab14094862c9c864"
  integrity sha512-FQFbRtTaEi8ZBi/A6kxOC0V0E9B/97vPdYjY9NdawyLd4Qk5VD5g2pbWN2VR1c0xhzcJm74HWpObPszWC+qTew==

"@esbuild/linux-arm64@0.17.18":
  version "0.17.18"
  resolved "https://registry.yarnpkg.com/@esbuild/linux-arm64/-/linux-arm64-0.17.18.tgz#8551d72ba540c5bce4bab274a81c14ed01eafdcf"
  integrity sha512-R7pZvQZFOY2sxUG8P6A21eq6q+eBv7JPQYIybHVf1XkQYC+lT7nDBdC7wWKTrbvMXKRaGudp/dzZCwL/863mZQ==

"@esbuild/linux-arm@0.17.18":
  version "0.17.18"
  resolved "https://registry.yarnpkg.com/@esbuild/linux-arm/-/linux-arm-0.17.18.tgz#e09e76e526df4f665d4d2720d28ff87d15cdf639"
  integrity sha512-jW+UCM40LzHcouIaqv3e/oRs0JM76JfhHjCavPxMUti7VAPh8CaGSlS7cmyrdpzSk7A+8f0hiedHqr/LMnfijg==

"@esbuild/linux-ia32@0.17.18":
  version "0.17.18"
  resolved "https://registry.yarnpkg.com/@esbuild/linux-ia32/-/linux-ia32-0.17.18.tgz#47878860ce4fe73a36fd8627f5647bcbbef38ba4"
  integrity sha512-ygIMc3I7wxgXIxk6j3V00VlABIjq260i967Cp9BNAk5pOOpIXmd1RFQJQX9Io7KRsthDrQYrtcx7QCof4o3ZoQ==

"@esbuild/linux-loong64@0.17.18":
  version "0.17.18"
  resolved "https://registry.yarnpkg.com/@esbuild/linux-loong64/-/linux-loong64-0.17.18.tgz#3f8fbf5267556fc387d20b2e708ce115de5c967a"
  integrity sha512-bvPG+MyFs5ZlwYclCG1D744oHk1Pv7j8psF5TfYx7otCVmcJsEXgFEhQkbhNW8otDHL1a2KDINW20cfCgnzgMQ==

"@esbuild/linux-mips64el@0.17.18":
  version "0.17.18"
  resolved "https://registry.yarnpkg.com/@esbuild/linux-mips64el/-/linux-mips64el-0.17.18.tgz#9d896d8f3c75f6c226cbeb840127462e37738226"
  integrity sha512-oVqckATOAGuiUOa6wr8TXaVPSa+6IwVJrGidmNZS1cZVx0HqkTMkqFGD2HIx9H1RvOwFeWYdaYbdY6B89KUMxA==

"@esbuild/linux-ppc64@0.17.18":
  version "0.17.18"
  resolved "https://registry.yarnpkg.com/@esbuild/linux-ppc64/-/linux-ppc64-0.17.18.tgz#3d9deb60b2d32c9985bdc3e3be090d30b7472783"
  integrity sha512-3dLlQO+b/LnQNxgH4l9rqa2/IwRJVN9u/bK63FhOPB4xqiRqlQAU0qDU3JJuf0BmaH0yytTBdoSBHrb2jqc5qQ==

"@esbuild/linux-riscv64@0.17.18":
  version "0.17.18"
  resolved "https://registry.yarnpkg.com/@esbuild/linux-riscv64/-/linux-riscv64-0.17.18.tgz#8a943cf13fd24ff7ed58aefb940ef178f93386bc"
  integrity sha512-/x7leOyDPjZV3TcsdfrSI107zItVnsX1q2nho7hbbQoKnmoeUWjs+08rKKt4AUXju7+3aRZSsKrJtaRmsdL1xA==

"@esbuild/linux-s390x@0.17.18":
  version "0.17.18"
  resolved "https://registry.yarnpkg.com/@esbuild/linux-s390x/-/linux-s390x-0.17.18.tgz#66cb01f4a06423e5496facabdce4f7cae7cb80e5"
  integrity sha512-cX0I8Q9xQkL/6F5zWdYmVf5JSQt+ZfZD2bJudZrWD+4mnUvoZ3TDDXtDX2mUaq6upMFv9FlfIh4Gfun0tbGzuw==

"@esbuild/linux-x64@0.17.18":
  version "0.17.18"
  resolved "https://registry.yarnpkg.com/@esbuild/linux-x64/-/linux-x64-0.17.18.tgz#23c26050c6c5d1359c7b774823adc32b3883b6c9"
  integrity sha512-66RmRsPlYy4jFl0vG80GcNRdirx4nVWAzJmXkevgphP1qf4dsLQCpSKGM3DUQCojwU1hnepI63gNZdrr02wHUA==

"@esbuild/netbsd-x64@0.17.18":
  version "0.17.18"
  resolved "https://registry.yarnpkg.com/@esbuild/netbsd-x64/-/netbsd-x64-0.17.18.tgz#789a203d3115a52633ff6504f8cbf757f15e703b"
  integrity sha512-95IRY7mI2yrkLlTLb1gpDxdC5WLC5mZDi+kA9dmM5XAGxCME0F8i4bYH4jZreaJ6lIZ0B8hTrweqG1fUyW7jbg==

"@esbuild/openbsd-x64@0.17.18":
  version "0.17.18"
  resolved "https://registry.yarnpkg.com/@esbuild/openbsd-x64/-/openbsd-x64-0.17.18.tgz#d7b998a30878f8da40617a10af423f56f12a5e90"
  integrity sha512-WevVOgcng+8hSZ4Q3BKL3n1xTv5H6Nb53cBrtzzEjDbbnOmucEVcZeGCsCOi9bAOcDYEeBZbD2SJNBxlfP3qiA==

"@esbuild/sunos-x64@0.17.18":
  version "0.17.18"
  resolved "https://registry.yarnpkg.com/@esbuild/sunos-x64/-/sunos-x64-0.17.18.tgz#ecad0736aa7dae07901ba273db9ef3d3e93df31f"
  integrity sha512-Rzf4QfQagnwhQXVBS3BYUlxmEbcV7MY+BH5vfDZekU5eYpcffHSyjU8T0xucKVuOcdCsMo+Ur5wmgQJH2GfNrg==

"@esbuild/win32-arm64@0.17.18":
  version "0.17.18"
  resolved "https://registry.yarnpkg.com/@esbuild/win32-arm64/-/win32-arm64-0.17.18.tgz#58dfc177da30acf956252d7c8ae9e54e424887c4"
  integrity sha512-Kb3Ko/KKaWhjeAm2YoT/cNZaHaD1Yk/pa3FTsmqo9uFh1D1Rfco7BBLIPdDOozrObj2sahslFuAQGvWbgWldAg==

"@esbuild/win32-ia32@0.17.18":
  version "0.17.18"
  resolved "https://registry.yarnpkg.com/@esbuild/win32-ia32/-/win32-ia32-0.17.18.tgz#340f6163172b5272b5ae60ec12c312485f69232b"
  integrity sha512-0/xUMIdkVHwkvxfbd5+lfG7mHOf2FRrxNbPiKWg9C4fFrB8H0guClmaM3BFiRUYrznVoyxTIyC/Ou2B7QQSwmw==

"@esbuild/win32-x64@0.17.18":
  version "0.17.18"
  resolved "https://registry.yarnpkg.com/@esbuild/win32-x64/-/win32-x64-0.17.18.tgz#3a8e57153905308db357fd02f57c180ee3a0a1fa"
  integrity sha512-qU25Ma1I3NqTSHJUOKi9sAH1/Mzuvlke0ioMJRthLXKm7JiSKVwFghlGbDLOO2sARECGhja4xYfRAZNPAkooYg==

"@huggingface/inference@^2.5.0":
  version "2.5.0"
  resolved "https://registry.npmjs.org/@huggingface/inference/-/inference-2.5.0.tgz"
  integrity sha512-X3NSdrWAKNTLAsEKabH48Wc+Osys+S7ilRcH1bf9trSDmJlzPVXDseXMRBHCFPCYd5AAAIakhENO4zCqstVg8g==

"@jridgewell/resolve-uri@^3.0.3":
  version "3.1.1"
  resolved "https://registry.npmjs.org/@jridgewell/resolve-uri/-/resolve-uri-3.1.1.tgz"
  integrity sha512-dSYZh7HhCDtCKm4QakX0xFpsRDqjjtZf/kjI/v3T3Nwt5r8/qz/M19F9ySyOqU94SXBmeG9ttTul+YnR4LOxFA==

"@jridgewell/sourcemap-codec@^1.4.10":
  version "1.4.15"
  resolved "https://registry.npmjs.org/@jridgewell/sourcemap-codec/-/sourcemap-codec-1.4.15.tgz"
  integrity sha512-eF2rxCRulEKXHTRiDrDy6erMYWqNw4LPdQ8UQA4huuxaQsVeRPFl2oM8oDGxMFhJUWZf9McpLtJasDDZb/Bpeg==

"@jridgewell/trace-mapping@0.3.9":
  version "0.3.9"
  resolved "https://registry.npmjs.org/@jridgewell/trace-mapping/-/trace-mapping-0.3.9.tgz"
  integrity sha512-3Belt6tdc8bPgAtbcmdtNJlirVoTmEb5e2gC94PnkwEW9jI6CAHUeoG85tjWP5WquqfavoMtMwiG4P926ZKKuQ==
  dependencies:
    "@jridgewell/resolve-uri" "^3.0.3"
    "@jridgewell/sourcemap-codec" "^1.4.10"

"@tsconfig/node10@^1.0.7":
  version "1.0.9"
  resolved "https://registry.npmjs.org/@tsconfig/node10/-/node10-1.0.9.tgz"
  integrity sha512-jNsYVVxU8v5g43Erja32laIDHXeoNvFEpX33OK4d6hljo3jDhCBDhx5dhCCTMWUojscpAagGiRkBKxpdl9fxqA==

"@tsconfig/node12@^1.0.7":
  version "1.0.11"
  resolved "https://registry.npmjs.org/@tsconfig/node12/-/node12-1.0.11.tgz"
  integrity sha512-cqefuRsh12pWyGsIoBKJA9luFu3mRxCA+ORZvA4ktLSzIuCUtWVxGIuXigEwO5/ywWFMZ2QEGKWvkZG1zDMTag==

"@tsconfig/node14@^1.0.0":
  version "1.0.3"
  resolved "https://registry.npmjs.org/@tsconfig/node14/-/node14-1.0.3.tgz"
  integrity sha512-ysT8mhdixWK6Hw3i1V2AeRqZ5WfXg1G43mqoYlM2nc6388Fq5jcXyr5mRsqViLx/GJYdoL0bfXD8nmF+Zn/Iow==

"@tsconfig/node16@^1.0.2":
  version "1.0.4"
  resolved "https://registry.npmjs.org/@tsconfig/node16/-/node16-1.0.4.tgz"
  integrity sha512-vxhUy4J8lyeyinH7Azl1pdd43GJhZH/tP2weN8TntQblOY+A0XbT8DJk1/oCPuOOyg/Ja757rG0CgHcWC8OfMA==

"@types/node@*", "@types/node@^18.16.0":
  version "18.16.0"
  resolved "https://registry.npmjs.org/@types/node/-/node-18.16.0.tgz"
  integrity sha512-BsAaKhB+7X+H4GnSjGhJG9Qi8Tw+inU9nJDwmD5CgOmBLEI6ArdhikpLX7DjbjDRDTbqZzU2LSQNZg8WGPiSZQ==

"@types/uuid@^9.0.2":
  version "9.0.2"
  resolved "https://registry.yarnpkg.com/@types/uuid/-/uuid-9.0.2.tgz#ede1d1b1e451548d44919dc226253e32a6952c4b"
  integrity sha512-kNnC1GFBLuhImSnV7w4njQkUiJi0ZXUycu1rUaouPqiKlXkh77JKgdRnTAp1x5eBwcIwbtI+3otwzuIDEuDoxQ==

"@types/ws@^8.5.4":
  version "8.5.4"
  resolved "https://registry.npmjs.org/@types/ws/-/ws-8.5.4.tgz"
  integrity sha512-zdQDHKUgcX/zBc4GrwsE/7dVdAD8JR4EuiAXiiUhhfyIJXXb2+PrGshFyeXWQPMmmZ2XxgaqclgpIC7eTXc1mg==
  dependencies:
    "@types/node" "*"

acorn-walk@^8.1.1:
  version "8.2.0"
  resolved "https://registry.npmjs.org/acorn-walk/-/acorn-walk-8.2.0.tgz"
  integrity sha512-k+iyHEuPgSw6SbuDpGQM+06HQUa04DZ3o+F6CSzXMvvI5KMvnaEqXe+YVe555R9nn6GPt404fos4wcgpw12SDA==

acorn@^8.4.1:
  version "8.8.2"
  resolved "https://registry.npmjs.org/acorn/-/acorn-8.8.2.tgz"
  integrity sha512-xjIYgE8HBrkpd/sJqOGNspf8uHG+NOHGOw6a/Urj8taM2EXfdNAH2oFcPeIFfsv3+kz/mJrS5VuMqbNLjCa2vw==

agent-base@^7.0.2:
  version "7.1.0"
  resolved "https://registry.npmjs.org/agent-base/-/agent-base-7.1.0.tgz"
  integrity sha512-o/zjMZRhJxny7OyEF+Op8X+efiELC7k7yOjMzgfzVqOzXqkBkWI79YoTdOtsuWd5BWhAGAuOY/Xa6xpiaWXiNg==
  dependencies:
    debug "^4.3.4"

arg@^4.1.0:
  version "4.1.3"
  resolved "https://registry.npmjs.org/arg/-/arg-4.1.3.tgz"
  integrity sha512-58S9QDqG0Xx27YwPSt9fJxivjYl432YCwfDMfZ+71RAqUrZef7LrKQZ3LHLOwCS4FLNBplP533Zx895SeOCHvA==

asynckit@^0.4.0:
  version "0.4.0"
  resolved "https://registry.yarnpkg.com/asynckit/-/asynckit-0.4.0.tgz#c79ed97f7f34cb8f2ba1bc9790bcc366474b4b79"
  integrity sha512-Oei9OH4tRh0YqU3GxhX79dM/mwVgvbZJaSNaRk+bshkj0S5cfHcgYakreBjrHwatXKbz+IoIdYLxrKim2MjW0Q==

available-typed-arrays@^1.0.5:
  version "1.0.5"
  resolved "https://registry.yarnpkg.com/available-typed-arrays/-/available-typed-arrays-1.0.5.tgz#92f95616501069d07d10edb2fc37d3e1c65123b7"
  integrity sha512-DMD0KiN46eipeziST1LPP/STfDU0sufISXmjSgvVsoU2tqxctQeASejWcfNtxYKqETM1UxQ8sp2OrSBWpHY6sw==

aws-sdk@^2.1395.0:
  version "2.1395.0"
  resolved "https://registry.yarnpkg.com/aws-sdk/-/aws-sdk-2.1395.0.tgz#ad8348e61ce9872999626df62efb9213e4faf51a"
  integrity sha512-e/Ovw2dyBCsUfAxhdKanSMAmLL9/SIpKCC++xWEMe/3OfETz/B5FisjQQNnnVfe5eGJjiLbFKts1V8ZPCelUHw==
  dependencies:
    buffer "4.9.2"
    events "1.1.1"
    ieee754 "1.1.13"
    jmespath "0.16.0"
    querystring "0.2.0"
    sax "1.2.1"
    url "0.10.3"
    util "^0.12.4"
    uuid "8.0.0"
    xml2js "0.5.0"

axios@^1.4.0:
  version "1.4.0"
  resolved "https://registry.yarnpkg.com/axios/-/axios-1.4.0.tgz#38a7bf1224cd308de271146038b551d725f0be1f"
  integrity sha512-S4XCWMEmzvo64T9GfvQDOXgYRDJ/wsSZc7Jvdgx5u1sd0JwsuPLqb3SYmusag+edF6ziyMensPVqLTSc1PiSEA==
  dependencies:
    follow-redirects "^1.15.0"
    form-data "^4.0.0"
    proxy-from-env "^1.1.0"

base64-js@^1.0.2:
  version "1.5.1"
  resolved "https://registry.yarnpkg.com/base64-js/-/base64-js-1.5.1.tgz#1b1b440160a5bf7ad40b650f095963481903930a"
  integrity sha512-AKpaYlHn8t4SVbOHCy+b5+KKgvR4vrsD8vbvrbiQJps7fKDTkjkDry6ji0rUJjC0kzbNePLwzxq8iypo41qeWA==

buffer-from@^1.0.0:
  version "1.1.2"
  resolved "https://registry.npmjs.org/buffer-from/-/buffer-from-1.1.2.tgz"
  integrity sha512-E+XQCRwSbaaiChtv6k6Dwgc+bx+Bs6vuKJHHl5kox/BaKbhiXzqQOwK4cO22yElGp2OCmjwVhT3HmxgyPGnJfQ==

buffer@4.9.2:
  version "4.9.2"
  resolved "https://registry.yarnpkg.com/buffer/-/buffer-4.9.2.tgz#230ead344002988644841ab0244af8c44bbe3ef8"
  integrity sha512-xq+q3SRMOxGivLhBNaUdC64hDTQwejJ+H0T/NB1XMtTVEwNTrfFF3gAxiyW0Bu/xWEGhjVKgUcMhCrUy2+uCWg==
  dependencies:
    base64-js "^1.0.2"
    ieee754 "^1.1.4"
    isarray "^1.0.0"

call-bind@^1.0.2:
  version "1.0.2"
  resolved "https://registry.yarnpkg.com/call-bind/-/call-bind-1.0.2.tgz#b1d4e89e688119c3c9a903ad30abb2f6a919be3c"
  integrity sha512-7O+FbCihrB5WGbFYesctwmTKae6rOiIzmz1icreWJ+0aA7LJfuqhEso2T9ncpcFtzMQtzXf2QGGueWJGTYsqrA==
  dependencies:
    function-bind "^1.1.1"
    get-intrinsic "^1.0.2"

combined-stream@^1.0.8:
  version "1.0.8"
  resolved "https://registry.yarnpkg.com/combined-stream/-/combined-stream-1.0.8.tgz#c3d45a8b34fd730631a110a8a2520682b31d5a7f"
  integrity sha512-FQN4MRfuJeHf7cBbBMJFXhKSDq+2kAArBlmRBvcvFE5BB1HZKXtSFASDhdlz9zOYwxh8lDdnvmMOe/+5cdoEdg==
  dependencies:
    delayed-stream "~1.0.0"

create-require@^1.1.0:
  version "1.1.1"
  resolved "https://registry.npmjs.org/create-require/-/create-require-1.1.1.tgz"
  integrity sha512-dcKFX3jn0MpIaXjisoRvexIJVEKzaq7z2rZKxf+MSr9TkdmHmsU4m2lcLojrj/FHl8mk5VxMmYA+ftRkP/3oKQ==

data-uri-to-buffer@^4.0.0:
  version "4.0.1"
  resolved "https://registry.yarnpkg.com/data-uri-to-buffer/-/data-uri-to-buffer-4.0.1.tgz#d8feb2b2881e6a4f58c2e08acfd0e2834e26222e"
  integrity sha512-0R9ikRb668HB7QDxT1vkpuUBtqc53YyAwMwGeUFKRojY/NWKvdZ+9UYtRfGmhqNbRkTSVpMbmyhXipFFv2cb/A==

debug@4, debug@^4.3.4:
  version "4.3.4"
  resolved "https://registry.npmjs.org/debug/-/debug-4.3.4.tgz"
  integrity sha512-PRWFHuSU3eDtQJPvnNY7Jcket1j0t5OuOsFzPPzsekD52Zl8qUfFIPEiswXqIvHWGVHOgX+7G/vCNNhehwxfkQ==
  dependencies:
    ms "2.1.2"

delayed-stream@~1.0.0:
  version "1.0.0"
  resolved "https://registry.yarnpkg.com/delayed-stream/-/delayed-stream-1.0.0.tgz#df3ae199acadfb7d440aaae0b29e2272b24ec619"
  integrity sha512-ZySD7Nf91aLB0RxL4KGrKHBXl7Eds1DAmEdcoVawXnLD7SDhpNgtuII2aAkg7a7QS41jxPSZ17p4VdGnMHk3MQ==

diff@^4.0.1:
  version "4.0.2"
  resolved "https://registry.npmjs.org/diff/-/diff-4.0.2.tgz"
  integrity sha512-58lmxKSA4BNyLz+HHMUzlOEpg09FV+ev6ZMe3vJihgdxzgcwZ8VoEEPmALCZG9LmqfVoNMMKpttIYTVG6uDY7A==

dotenv@^16.0.3:
  version "16.0.3"
  resolved "https://registry.npmjs.org/dotenv/-/dotenv-16.0.3.tgz"
  integrity sha512-7GO6HghkA5fYG9TYnNxi14/7K9f5occMlp3zXAuSxn7CKCxt9xbNWG7yF8hTCSUchlfWSe3uLmlPfigevRItzQ==

esbuild@~0.17.6:
  version "0.17.18"
  resolved "https://registry.npmjs.org/esbuild/-/esbuild-0.17.18.tgz"
  integrity sha512-z1lix43jBs6UKjcZVKOw2xx69ffE2aG0PygLL5qJ9OS/gy0Ewd1gW/PUQIOIQGXBHWNywSc0floSKoMFF8aK2w==
  optionalDependencies:
    "@esbuild/android-arm" "0.17.18"
    "@esbuild/android-arm64" "0.17.18"
    "@esbuild/android-x64" "0.17.18"
    "@esbuild/darwin-arm64" "0.17.18"
    "@esbuild/darwin-x64" "0.17.18"
    "@esbuild/freebsd-arm64" "0.17.18"
    "@esbuild/freebsd-x64" "0.17.18"
    "@esbuild/linux-arm" "0.17.18"
    "@esbuild/linux-arm64" "0.17.18"
    "@esbuild/linux-ia32" "0.17.18"
    "@esbuild/linux-loong64" "0.17.18"
    "@esbuild/linux-mips64el" "0.17.18"
    "@esbuild/linux-ppc64" "0.17.18"
    "@esbuild/linux-riscv64" "0.17.18"
    "@esbuild/linux-s390x" "0.17.18"
    "@esbuild/linux-x64" "0.17.18"
    "@esbuild/netbsd-x64" "0.17.18"
    "@esbuild/openbsd-x64" "0.17.18"
    "@esbuild/sunos-x64" "0.17.18"
    "@esbuild/win32-arm64" "0.17.18"
    "@esbuild/win32-ia32" "0.17.18"
    "@esbuild/win32-x64" "0.17.18"

eventemitter3@^4.0.4:
  version "4.0.7"
  resolved "https://registry.npmjs.org/eventemitter3/-/eventemitter3-4.0.7.tgz"
  integrity sha512-8guHBZCwKnFhYdHr2ysuRWErTwhoN2X8XELRlrRwpmfeY2jjuUN4taQMsULKUVo1K4DvZl+0pgfyoysHxvmvEw==

events@1.1.1:
  version "1.1.1"
  resolved "https://registry.yarnpkg.com/events/-/events-1.1.1.tgz#9ebdb7635ad099c70dcc4c2a1f5004288e8bd924"
  integrity sha512-kEcvvCBByWXGnZy6JUlgAp2gBIUjfCAV6P6TgT1/aaQKcmuAEC4OZTV1I4EWQLz2gxZw76atuVyvHhTxvi0Flw==

fetch-blob@^3.1.2, fetch-blob@^3.1.4:
  version "3.2.0"
  resolved "https://registry.yarnpkg.com/fetch-blob/-/fetch-blob-3.2.0.tgz#f09b8d4bbd45adc6f0c20b7e787e793e309dcce9"
  integrity sha512-7yAQpD2UMJzLi1Dqv7qFYnPbaPx7ZfFK6PiIxQ4PfkGPyNyl2Ugx+a/umUonmKqjhM4DnfbMvdX6otXq83soQQ==
  dependencies:
    node-domexception "^1.0.0"
    web-streams-polyfill "^3.0.3"

follow-redirects@^1.15.0:
  version "1.15.2"
  resolved "https://registry.yarnpkg.com/follow-redirects/-/follow-redirects-1.15.2.tgz#b460864144ba63f2681096f274c4e57026da2c13"
  integrity sha512-VQLG33o04KaQ8uYi2tVNbdrWp1QWxNNea+nmIB4EVM28v0hmP17z7aG1+wAkNzVq4KeXTq3221ye5qTJP91JwA==

for-each@^0.3.3:
  version "0.3.3"
  resolved "https://registry.yarnpkg.com/for-each/-/for-each-0.3.3.tgz#69b447e88a0a5d32c3e7084f3f1710034b21376e"
  integrity sha512-jqYfLp7mo9vIyQf8ykW2v7A+2N4QjeCeI5+Dz9XraiO1ign81wjiH7Fb9vSOWvQfNtmSa4H2RoQTrrXivdUZmw==
  dependencies:
    is-callable "^1.1.3"

form-data@^4.0.0:
  version "4.0.0"
  resolved "https://registry.yarnpkg.com/form-data/-/form-data-4.0.0.tgz#93919daeaf361ee529584b9b31664dc12c9fa452"
  integrity sha512-ETEklSGi5t0QMZuiXoA/Q6vcnxcLQP5vdugSpuAyi6SVGi2clPPp+xgEhuMaHC+zGgn31Kd235W35f7Hykkaww==
  dependencies:
    asynckit "^0.4.0"
    combined-stream "^1.0.8"
    mime-types "^2.1.12"

formdata-polyfill@^4.0.10:
  version "4.0.10"
  resolved "https://registry.yarnpkg.com/formdata-polyfill/-/formdata-polyfill-4.0.10.tgz#24807c31c9d402e002ab3d8c720144ceb8848423"
  integrity sha512-buewHzMvYL29jdeQTVILecSaZKnt/RJWjoZCF5OW60Z67/GmSLBkOFM7qh1PI3zFNtJbaZL5eQu1vLfazOwj4g==
  dependencies:
    fetch-blob "^3.1.2"

fsevents@~2.3.2:
  version "2.3.2"
  resolved "https://registry.npmjs.org/fsevents/-/fsevents-2.3.2.tgz"
  integrity sha512-xiqMQR4xAeHTuB9uWm+fFRcIOgKBMiOBP+eXiyT7jsgVCq1bkVygt00oASowB7EdtpOHaaPgKt812P9ab+DDKA==

function-bind@^1.1.1:
  version "1.1.1"
  resolved "https://registry.yarnpkg.com/function-bind/-/function-bind-1.1.1.tgz#a56899d3ea3c9bab874bb9773b7c5ede92f4895d"
  integrity sha512-yIovAzMX49sF8Yl58fSCWJ5svSLuaibPxXQJFLmBObTuCr0Mf1KiPopGM9NiFjiYBCbfaa2Fh6breQ6ANVTI0A==

get-intrinsic@^1.0.2, get-intrinsic@^1.1.3:
  version "1.2.1"
  resolved "https://registry.yarnpkg.com/get-intrinsic/-/get-intrinsic-1.2.1.tgz#d295644fed4505fc9cde952c37ee12b477a83d82"
  integrity sha512-2DcsyfABl+gVHEfCOaTrWgyt+tb6MSEGmKq+kI5HwLbIYgjgmMcV8KQ41uaKz1xxUcn9tJtgFbQUEVcEbd0FYw==
  dependencies:
    function-bind "^1.1.1"
    has "^1.0.3"
    has-proto "^1.0.1"
    has-symbols "^1.0.3"

get-tsconfig@^4.4.0:
  version "4.5.0"
  resolved "https://registry.npmjs.org/get-tsconfig/-/get-tsconfig-4.5.0.tgz"
  integrity sha512-MjhiaIWCJ1sAU4pIQ5i5OfOuHHxVo1oYeNsWTON7jxYkod8pHocXeh+SSbmu5OZZZK73B6cbJ2XADzXehLyovQ==

gopd@^1.0.1:
  version "1.0.1"
  resolved "https://registry.yarnpkg.com/gopd/-/gopd-1.0.1.tgz#29ff76de69dac7489b7c0918a5788e56477c332c"
  integrity sha512-d65bNlIadxvpb/A2abVdlqKqV563juRnZ1Wtk6s1sIR8uNsXR70xqIzVqxVf1eTqDunwT2MkczEeaezCKTZhwA==
  dependencies:
    get-intrinsic "^1.1.3"

has-proto@^1.0.1:
  version "1.0.1"
  resolved "https://registry.yarnpkg.com/has-proto/-/has-proto-1.0.1.tgz#1885c1305538958aff469fef37937c22795408e0"
  integrity sha512-7qE+iP+O+bgF9clE5+UoBFzE65mlBiVj3tKCrlNQ0Ogwm0BjpT/gK4SlLYDMybDh5I3TCTKnPPa0oMG7JDYrhg==

has-symbols@^1.0.2, has-symbols@^1.0.3:
  version "1.0.3"
  resolved "https://registry.yarnpkg.com/has-symbols/-/has-symbols-1.0.3.tgz#bb7b2c4349251dce87b125f7bdf874aa7c8b39f8"
  integrity sha512-l3LCuF6MgDNwTDKkdYGEihYjt5pRPbEg46rtlmnSPlUbgmB8LOIrKJbYYFBSbnPaJexMKtiPO8hmeRjRz2Td+A==

has-tostringtag@^1.0.0:
  version "1.0.0"
  resolved "https://registry.yarnpkg.com/has-tostringtag/-/has-tostringtag-1.0.0.tgz#7e133818a7d394734f941e73c3d3f9291e658b25"
  integrity sha512-kFjcSNhnlGV1kyoGk7OXKSawH5JOb/LzUc5w9B02hOTO0dfFRjbHQKvg1d6cf3HbeUmtU9VbbV3qzZ2Teh97WQ==
  dependencies:
    has-symbols "^1.0.2"

has@^1.0.3:
  version "1.0.3"
  resolved "https://registry.yarnpkg.com/has/-/has-1.0.3.tgz#722d7cbfc1f6aa8241f16dd814e011e1f41e8796"
  integrity sha512-f2dvO0VU6Oej7RkWJGrehjbzMAjFp5/VKPp5tTpWIV4JHHZK1/BxbFRtf/siA2SWTe09caDmVtYYzWEIbBS4zw==
  dependencies:
    function-bind "^1.1.1"

https-proxy-agent@^7.0.0:
  version "7.0.0"
  resolved "https://registry.npmjs.org/https-proxy-agent/-/https-proxy-agent-7.0.0.tgz"
  integrity sha512-0euwPCRyAPSgGdzD1IVN9nJYHtBhJwb6XPfbpQcYbPCwrBidX6GzxmchnaF4sfF/jPb74Ojx5g4yTg3sixlyPw==
  dependencies:
    agent-base "^7.0.2"
    debug "4"

ieee754@1.1.13:
  version "1.1.13"
  resolved "https://registry.yarnpkg.com/ieee754/-/ieee754-1.1.13.tgz#ec168558e95aa181fd87d37f55c32bbcb6708b84"
  integrity sha512-4vf7I2LYV/HaWerSo3XmlMkp5eZ83i+/CDluXi/IGTs/O1sejBNhTtnxzmRZfvOUqj7lZjqHkeTvpgSFDlWZTg==

ieee754@^1.1.4:
  version "1.2.1"
  resolved "https://registry.yarnpkg.com/ieee754/-/ieee754-1.2.1.tgz#8eb7a10a63fff25d15a57b001586d177d1b0d352"
  integrity sha512-dcyqhDvX1C46lXZcVqCpK+FtMRQVdIMN6/Df5js2zouUsqG7I6sFxitIC+7KYK29KdXOLHdu9zL4sFnoVQnqaA==

inherits@^2.0.3:
  version "2.0.4"
  resolved "https://registry.yarnpkg.com/inherits/-/inherits-2.0.4.tgz#0fa2c64f932917c3433a0ded55363aae37416b7c"
  integrity sha512-k/vGaX4/Yla3WzyMCvTQOXYeIHvqOKtnqBduzTHpzpQZzAskKMhZ2K+EnBiSM9zGSoIFeMpXKxa4dYeZIQqewQ==

is-arguments@^1.0.4:
  version "1.1.1"
  resolved "https://registry.yarnpkg.com/is-arguments/-/is-arguments-1.1.1.tgz#15b3f88fda01f2a97fec84ca761a560f123efa9b"
  integrity sha512-8Q7EARjzEnKpt/PCD7e1cgUS0a6X8u5tdSiMqXhojOdoV9TsMsiO+9VLC5vAmO8N7/GmXn7yjR8qnA6bVAEzfA==
  dependencies:
    call-bind "^1.0.2"
    has-tostringtag "^1.0.0"

is-callable@^1.1.3:
  version "1.2.7"
  resolved "https://registry.yarnpkg.com/is-callable/-/is-callable-1.2.7.tgz#3bc2a85ea742d9e36205dcacdd72ca1fdc51b055"
  integrity sha512-1BC0BVFhS/p0qtw6enp8e+8OD0UrK0oFLztSjNzhcKA3WDuJxxAPXzPuPtKkjEY9UUoEWlX/8fgKeu2S8i9JTA==

is-generator-function@^1.0.7:
  version "1.0.10"
  resolved "https://registry.yarnpkg.com/is-generator-function/-/is-generator-function-1.0.10.tgz#f1558baf1ac17e0deea7c0415c438351ff2b3c72"
  integrity sha512-jsEjy9l3yiXEQ+PsXdmBwEPcOxaXWLspKdplFUVI9vq1iZgIekeC0L167qeu86czQaxed3q/Uzuw0swL0irL8A==
  dependencies:
    has-tostringtag "^1.0.0"

is-typed-array@^1.1.10, is-typed-array@^1.1.3:
  version "1.1.10"
  resolved "https://registry.yarnpkg.com/is-typed-array/-/is-typed-array-1.1.10.tgz#36a5b5cb4189b575d1a3e4b08536bfb485801e3f"
  integrity sha512-PJqgEHiWZvMpaFZ3uTc8kHPM4+4ADTlDniuQL7cU/UDA0Ql7F70yGfHph3cLNe+c9toaigv+DFzTJKhc2CtO6A==
  dependencies:
    available-typed-arrays "^1.0.5"
    call-bind "^1.0.2"
    for-each "^0.3.3"
    gopd "^1.0.1"
    has-tostringtag "^1.0.0"

isarray@^1.0.0:
  version "1.0.0"
  resolved "https://registry.yarnpkg.com/isarray/-/isarray-1.0.0.tgz#bb935d48582cba168c06834957a54a3e07124f11"
  integrity sha512-VLghIWNM6ELQzo7zwmcg0NmTVyWKYjvIeM83yjp0wRDTmUnrM678fQbcKBo6n2CJEF0szoG//ytg+TKla89ALQ==

isomorphic-ws@^5.0.0:
  version "5.0.0"
  resolved "https://registry.npmjs.org/isomorphic-ws/-/isomorphic-ws-5.0.0.tgz"
  integrity sha512-muId7Zzn9ywDsyXgTIafTry2sV3nySZeUDe6YedVd1Hvuuep5AsIlqK+XefWpYTyJG5e503F2xIuT2lcU6rCSw==

jmespath@0.16.0:
  version "0.16.0"
  resolved "https://registry.yarnpkg.com/jmespath/-/jmespath-0.16.0.tgz#b15b0a85dfd4d930d43e69ed605943c802785076"
  integrity sha512-9FzQjJ7MATs1tSpnco1K6ayiYE3figslrXA72G2HQ/n76RzvYlofyi5QM+iX4YRs/pu3yzxlVQSST23+dMDknw==

make-error@^1.1.1:
  version "1.3.6"
  resolved "https://registry.npmjs.org/make-error/-/make-error-1.3.6.tgz"
  integrity sha512-s8UhlNe7vPKomQhC1qFelMokr/Sc3AgNbso3n74mVPA5LTZwkB9NlXf4XPamLxJE8h0gh73rM94xvwRT2CVInw==

mime-db@1.52.0:
  version "1.52.0"
  resolved "https://registry.yarnpkg.com/mime-db/-/mime-db-1.52.0.tgz#bbabcdc02859f4987301c856e3387ce5ec43bf70"
  integrity sha512-sPU4uV7dYlvtWJxwwxHD0PuihVNiE7TyAbQ5SWxDCB9mUYvOgroQOwYQQOKPJ8CIbE+1ETVlOoK1UC2nU3gYvg==

mime-types@^2.1.12:
  version "2.1.35"
  resolved "https://registry.yarnpkg.com/mime-types/-/mime-types-2.1.35.tgz#381a871b62a734450660ae3deee44813f70d959a"
  integrity sha512-ZDY+bPm5zTTF+YpCrAU9nK0UgICYPT0QtT1NZWFv4s++TNkcgVaT0g6+4R2uI4MjQjzysHB1zxuWL50hzaeXiw==
  dependencies:
    mime-db "1.52.0"

ms@2.1.2:
  version "2.1.2"
  resolved "https://registry.npmjs.org/ms/-/ms-2.1.2.tgz"
  integrity sha512-sGkPx+VjMtmA6MX27oA4FBFELFCZZ4S4XqeGOXCv68tT+jb3vk/RyaKWP0PTKyWtmLSM0b+adUTEvbs1PEaH2w==

node-domexception@^1.0.0:
  version "1.0.0"
  resolved "https://registry.yarnpkg.com/node-domexception/-/node-domexception-1.0.0.tgz#6888db46a1f71c0b76b3f7555016b63fe64766e5"
  integrity sha512-/jKZoMpw0F8GRwl4/eLROPA3cfcXtLApP0QzLmUT/HuPCZWyB7IY9ZrMeKw2O/nFIqPQB3PVM9aYm0F312AXDQ==

node-fetch@^3.3.1:
  version "3.3.1"
  resolved "https://registry.yarnpkg.com/node-fetch/-/node-fetch-3.3.1.tgz#b3eea7b54b3a48020e46f4f88b9c5a7430d20b2e"
  integrity sha512-cRVc/kyto/7E5shrWca1Wsea4y6tL9iYJE5FBCius3JQfb/4P4I295PfhgbJQBLTx6lATE4z+wK0rPM4VS2uow==
  dependencies:
    data-uri-to-buffer "^4.0.0"
    fetch-blob "^3.1.4"
    formdata-polyfill "^4.0.10"

p-finally@^1.0.0:
  version "1.0.0"
  resolved "https://registry.npmjs.org/p-finally/-/p-finally-1.0.0.tgz"
  integrity sha512-LICb2p9CB7FS+0eR1oqWnHhp0FljGLZCWBE9aix0Uye9W8LTQPwMTYVGWQWIw9RdQiDg4+epXQODwIYJtSJaow==

p-queue@^6.6.2:
  version "6.6.2"
  resolved "https://registry.npmjs.org/p-queue/-/p-queue-6.6.2.tgz"
  integrity sha512-RwFpb72c/BhQLEXIZ5K2e+AhgNVmIejGlTgiB9MzZ0e93GRvqZ7uSi0dvRF7/XIXDeNkra2fNHBxTyPDGySpjQ==
  dependencies:
    eventemitter3 "^4.0.4"
    p-timeout "^3.2.0"

p-timeout@^3.2.0:
  version "3.2.0"
  resolved "https://registry.npmjs.org/p-timeout/-/p-timeout-3.2.0.tgz"
  integrity sha512-rhIwUycgwwKcP9yTOOFK/AKsAopjjCakVqLHePO3CC6Mir1Z99xT+R63jZxAT5lFZLa2inS5h+ZS2GvR99/FBg==
  dependencies:
    p-finally "^1.0.0"

prettier@^2.8.8:
  version "2.8.8"
  resolved "https://registry.npmjs.org/prettier/-/prettier-2.8.8.tgz"
  integrity sha512-tdN8qQGvNjw4CHbY+XXk0JgCXn9QiF21a55rBe5LJAU+kDyC4WQn4+awm2Xfk2lQMk5fKup9XgzTZtGkjBdP9Q==

proxy-from-env@^1.1.0:
  version "1.1.0"
  resolved "https://registry.yarnpkg.com/proxy-from-env/-/proxy-from-env-1.1.0.tgz#e102f16ca355424865755d2c9e8ea4f24d58c3e2"
  integrity sha512-D+zkORCbA9f1tdWRK0RaCR3GPv50cMxcrz4X8k5LTSUD1Dkw47mKJEZQNunItRTkWwgtaUSo1RVFRIG9ZXiFYg==

punycode@1.3.2:
  version "1.3.2"
  resolved "https://registry.yarnpkg.com/punycode/-/punycode-1.3.2.tgz#9653a036fb7c1ee42342f2325cceefea3926c48d"
  integrity sha512-RofWgt/7fL5wP1Y7fxE7/EmTLzQVnB0ycyibJ0OOHIlJqTNzglYFxVwETOcIoJqJmpDXJ9xImDv+Fq34F/d4Dw==

querystring@0.2.0:
  version "0.2.0"
  resolved "https://registry.yarnpkg.com/querystring/-/querystring-0.2.0.tgz#b209849203bb25df820da756e747005878521620"
  integrity sha512-X/xY82scca2tau62i9mDyU9K+I+djTMUsvwf7xnUX5GLvVzgJybOJf4Y6o9Zx3oJK/LSXg5tTZBjwzqVPaPO2g==

readline@^1.3.0:
  version "1.3.0"
  resolved "https://registry.yarnpkg.com/readline/-/readline-1.3.0.tgz#c580d77ef2cfc8752b132498060dc9793a7ac01c"
  integrity sha512-k2d6ACCkiNYz222Fs/iNze30rRJ1iIicW7JuX/7/cozvih6YCkFZH+J6mAFDVgv0dRBaAyr4jDqC95R2y4IADg==

sax@1.2.1:
  version "1.2.1"
  resolved "https://registry.yarnpkg.com/sax/-/sax-1.2.1.tgz#7b8e656190b228e81a66aea748480d828cd2d37a"
  integrity sha512-8I2a3LovHTOpm7NV5yOyO8IHqgVsfK4+UuySrXU8YXkSRX7k6hCV9b3HrkKCr3nMpgj+0bmocaJJWpvp1oc7ZA==

sax@>=0.6.0:
  version "1.2.4"
  resolved "https://registry.yarnpkg.com/sax/-/sax-1.2.4.tgz#2816234e2378bddc4e5354fab5caa895df7100d9"
  integrity sha512-NqVDv9TpANUjFm0N8uM5GxL36UgKi9/atZw+x7YFnQ8ckwFGKrl4xX4yWtrey3UJm5nP1kUbnYgLopqWNSRhWw==

snowyflake@^2.0.0:
  version "2.0.0"
  resolved "https://registry.npmjs.org/snowyflake/-/snowyflake-2.0.0.tgz"
  integrity sha512-BxeqV0KJxJASu6EBJGUkX194Zhh37AEa0ow/JRK39icWbLTG9Wl/7LAL6a/ZMSjNm4O9pZk6QoLcWP7f/YKmtA==

source-map-support@^0.5.21:
  version "0.5.21"
  resolved "https://registry.npmjs.org/source-map-support/-/source-map-support-0.5.21.tgz"
  integrity sha512-uBHU3L3czsIyYXKX88fdrGovxdSCoTGDRZ6SYXtSRxLZUzHg5P/66Ht6uoUlHu9EZod+inXhKo3qQgwXUT/y1w==
  dependencies:
    buffer-from "^1.0.0"
    source-map "^0.6.0"

source-map@^0.6.0:
  version "0.6.1"
  resolved "https://registry.npmjs.org/source-map/-/source-map-0.6.1.tgz"
  integrity sha512-UjgapumWlbMhkBgzT7Ykc5YXUT46F0iKu8SGXq0bcwP5dz/h0Plj6enJqjz1Zbq2l5WaqYnrVbwWOWMyF3F47g==

throat@^6.0.2:
  version "6.0.2"
  resolved "https://registry.npmjs.org/throat/-/throat-6.0.2.tgz"
  integrity sha512-WKexMoJj3vEuK0yFEapj8y64V0A6xcuPuK9Gt1d0R+dzCSJc0lHqQytAbSB4cDAK0dWh4T0E2ETkoLE2WZ41OQ==

ts-node@^10.9.1:
  version "10.9.1"
  resolved "https://registry.npmjs.org/ts-node/-/ts-node-10.9.1.tgz"
  integrity sha512-NtVysVPkxxrwFGUUxGYhfux8k78pQB3JqYBXlLRZgdGUqTO5wU/UyHop5p70iEbGhB7q5KmiZiU0Y3KlJrScEw==
  dependencies:
    "@cspotcode/source-map-support" "^0.8.0"
    "@tsconfig/node10" "^1.0.7"
    "@tsconfig/node12" "^1.0.7"
    "@tsconfig/node14" "^1.0.0"
    "@tsconfig/node16" "^1.0.2"
    acorn "^8.4.1"
    acorn-walk "^8.1.1"
    arg "^4.1.0"
    create-require "^1.1.0"
    diff "^4.0.1"
    make-error "^1.1.1"
    v8-compile-cache-lib "^3.0.1"
    yn "3.1.1"

tslib@^2.5.0:
  version "2.5.0"
  resolved "https://registry.npmjs.org/tslib/-/tslib-2.5.0.tgz"
  integrity sha512-336iVw3rtn2BUK7ORdIAHTyxHGRIHVReokCR3XjbckJMK7ms8FysBfhLR8IXnAgy7T0PTPNBWKiH514FOW/WSg==

tsx@^3.12.6:
  version "3.12.6"
  resolved "https://registry.npmjs.org/tsx/-/tsx-3.12.6.tgz"
  integrity sha512-q93WgS3lBdHlPgS0h1i+87Pt6n9K/qULIMNYZo07nSeu2z5QE2CellcAZfofVXBo2tQg9av2ZcRMQ2S2i5oadQ==
  dependencies:
    "@esbuild-kit/cjs-loader" "^2.4.2"
    "@esbuild-kit/core-utils" "^3.0.0"
    "@esbuild-kit/esm-loader" "^2.5.5"
  optionalDependencies:
    fsevents "~2.3.2"

typescript@^5.0.4:
  version "5.0.4"
  resolved "https://registry.npmjs.org/typescript/-/typescript-5.0.4.tgz"
  integrity sha512-cW9T5W9xY37cc+jfEnaUvX91foxtHkza3Nw3wkoF4sSlKn0MONdkdEndig/qPBWXNkmplh3NzayQzCiHM4/hqw==

url@0.10.3:
  version "0.10.3"
  resolved "https://registry.yarnpkg.com/url/-/url-0.10.3.tgz#021e4d9c7705f21bbf37d03ceb58767402774c64"
  integrity sha512-hzSUW2q06EqL1gKM/a+obYHLIO6ct2hwPuviqTTOcfFVc61UbfJ2Q32+uGL/HCPxKqrdGB5QUwIe7UqlDgwsOQ==
  dependencies:
    punycode "1.3.2"
    querystring "0.2.0"

util@^0.12.4:
  version "0.12.5"
  resolved "https://registry.yarnpkg.com/util/-/util-0.12.5.tgz#5f17a6059b73db61a875668781a1c2b136bd6fbc"
  integrity sha512-kZf/K6hEIrWHI6XqOFUiiMa+79wE/D8Q+NCNAWclkyg3b4d2k7s0QGepNjiABc+aR3N1PAyHL7p6UcLY6LmrnA==
  dependencies:
    inherits "^2.0.3"
    is-arguments "^1.0.4"
    is-generator-function "^1.0.7"
    is-typed-array "^1.1.3"
    which-typed-array "^1.1.2"

uuid@8.0.0:
  version "8.0.0"
  resolved "https://registry.yarnpkg.com/uuid/-/uuid-8.0.0.tgz#bc6ccf91b5ff0ac07bbcdbf1c7c4e150db4dbb6c"
  integrity sha512-jOXGuXZAWdsTH7eZLtyXMqUb9EcWMGZNbL9YcGBJl4MH4nrxHmZJhEHvyLFrkxo+28uLb/NYRcStH48fnD0Vzw==

uuid@^9.0.0:
  version "9.0.0"
  resolved "https://registry.yarnpkg.com/uuid/-/uuid-9.0.0.tgz#592f550650024a38ceb0c562f2f6aa435761efb5"
  integrity sha512-MXcSTerfPa4uqyzStbRoTgt5XIe3x5+42+q1sDuy3R5MDk66URdLMOZe5aPX/SQd+kuYAh0FdP/pO28IkQyTeg==

v8-compile-cache-lib@^3.0.1:
  version "3.0.1"
  resolved "https://registry.npmjs.org/v8-compile-cache-lib/-/v8-compile-cache-lib-3.0.1.tgz"
  integrity sha512-wa7YjyUGfNZngI/vtK0UHAN+lgDCxBPCylVXGp0zu59Fz5aiGtNXaq3DhIov063MorB+VfufLh3JlF2KdTK3xg==

web-streams-polyfill@^3.0.3:
  version "3.2.1"
  resolved "https://registry.yarnpkg.com/web-streams-polyfill/-/web-streams-polyfill-3.2.1.tgz#71c2718c52b45fd49dbeee88634b3a60ceab42a6"
  integrity sha512-e0MO3wdXWKrLbL0DgGnUV7WHVuw9OUvL4hjgnPkIeEvESk74gAITi5G606JtZPp39cd8HA9VQzCIvA49LpPN5Q==

websocket-ts@^1.1.1:
  version "1.1.1"
  resolved "https://registry.npmjs.org/websocket-ts/-/websocket-ts-1.1.1.tgz"
  integrity sha512-rm+S60J74Ckw5iizzgID12ju+OfaHAa6dhXhULIOrXkl0e05RzxfY42/vMStpz5jWL3iz9mkyjPcFUY1IgI0fw==

which-typed-array@^1.1.2:
  version "1.1.9"
  resolved "https://registry.yarnpkg.com/which-typed-array/-/which-typed-array-1.1.9.tgz#307cf898025848cf995e795e8423c7f337efbde6"
  integrity sha512-w9c4xkx6mPidwp7180ckYWfMmvxpjlZuIudNtDf4N/tTAUB8VJbX25qZoAsrtGuYNnGw3pa0AXgbGKRB8/EceA==
  dependencies:
    available-typed-arrays "^1.0.5"
    call-bind "^1.0.2"
    for-each "^0.3.3"
    gopd "^1.0.1"
    has-tostringtag "^1.0.0"
    is-typed-array "^1.1.10"

ws@^8.13.0:
  version "8.13.0"
  resolved "https://registry.npmjs.org/ws/-/ws-8.13.0.tgz"
  integrity sha512-x9vcZYTrFPC7aSIbj7sRCYo7L/Xb8Iy+pW0ng0wt2vCJv7M9HOMy0UoN3rr+IFC7hb7vXoqS+P9ktyLLLhO+LA==

xml2js@0.5.0:
  version "0.5.0"
  resolved "https://registry.yarnpkg.com/xml2js/-/xml2js-0.5.0.tgz#d9440631fbb2ed800203fad106f2724f62c493b7"
  integrity sha512-drPFnkQJik/O+uPKpqSgr22mpuFHqKdbS835iAQrUC73L2F5WkboIRd63ai/2Yg6I1jzifPFKH2NTK+cfglkIA==
  dependencies:
    sax ">=0.6.0"
    xmlbuilder "~11.0.0"

xmlbuilder@~11.0.0:
  version "11.0.1"
  resolved "https://registry.yarnpkg.com/xmlbuilder/-/xmlbuilder-11.0.1.tgz#be9bae1c8a046e76b31127726347d0ad7002beb3"
  integrity sha512-fDlsI/kFEx7gLvbecc0/ohLG50fugQp8ryHzMTuW9vSa1GJ0XYWKnhsUx7oie3G98+r56aTQIUB4kht42R3JvA==

yn@3.1.1:
  version "3.1.1"
  resolved "https://registry.npmjs.org/yn/-/yn-3.1.1.tgz"
  integrity sha512-Ux4ygGWsu2c7isFWe8Yu1YluJmqVhxqK2cLXNQA5AcC3QfbGNpM7fu0Y8b/z16pXLnFxZYvWhd3fhBY9DLmC6Q==
